# THIS IS AN AUTOGENERATED FILE. DO NOT EDIT THIS FILE DIRECTLY.
# yarn lockfile v1


"@types/gl-matrix@^3.2.0":
  version "3.2.0"
  resolved "https://registry.yarnpkg.com/@types/gl-matrix/-/gl-matrix-3.2.0.tgz#a62e0f26be4ab6fa55284a29eec631c8641438a1"
  integrity sha512-CY4JAtSOGQX7rVgqVuOk7ZfaLv8VeadDMPj3smMOy8Hp/YiHONa3Mr0mEUgbo0eEwV7+Owpf6BwspcA7hv4NXg==
  dependencies:
    gl-matrix "*"

"@webgpu/types@^0.1.74":
  version "0.1.74"
  resolved "https://registry.yarnpkg.com/@webgpu/types/-/types-0.1.74.tgz#e0e0417074a90da1929c7bf710d6bb970aa91b13"
  integrity sha512-lgiI4hbuLcI9unnm2cL/tvCaQU45dp0xcLWJh5uB/9MBGvIA4F8XIk7nSiBeg+K4xWGYwgZKn80LmERI5CxoTA==

gl-matrix@*, gl-matrix@^3.4.4:
  version "3.4.4"
  resolved "https://registry.yarnpkg.com/gl-matrix/-/gl-matrix-3.4.4.tgz#7789ee4982f62c7a7af447ee488f3bd6b0c77003"
  integrity sha512-latSnyDNt/8zYUB6VIJ6PCh2jBjJX6gnDsoCZ7LyW7GkqrD51EWwa9qCoGixj8YqBtETQK/xY7OmpTF8xz1DdQ==
